
Microsoft Visual Studio Solution File, Format Version 12.00
# Visual Studio Version 17
VisualStudioVersion = 17.0.32112.339
MinimumVisualStudioVersion = 10.0.40219.1
Project("{FAE04EC0-301F-11D3-BF4B-00C04F79EFBC}") = "Case2", "Case2\Case2.csproj", "{382026D7-A300-46E4-93B5-6A2684D32BDE}"
EndProject
Global
	GlobalSection(SolutionConfigurationPlatforms) = preSolution
		Debug|Any CPU = Debug|Any CPU
		Release|Any CPU = Release|Any CPU
	EndGlobalSection
	GlobalSection(ProjectConfigurationPlatforms) = postSolution
		{382026D7-A300-46E4-93B5-6A2684D32BDE}.Debug|Any CPU.ActiveCfg = Debug|Any CPU
		{382026D7-A300-46E4-93B5-6A2684D32BDE}.Debug|Any CPU.Build.0 = Debug|Any CPU
		{382026D7-A300-46E4-93B5-6A2684D32BDE}.Release|Any CPU.ActiveCfg = Release|Any CPU
		{382026D7-A300-46E4-93B5-6A2684D32BDE}.Release|Any CPU.Build.0 = Release|Any CPU
	EndGlobalSection
	GlobalSection(SolutionProperties) = preSolution
		HideSolutionNode = FALSE
	EndGlobalSection
	GlobalSection(ExtensibilityGlobals) = postSolution
		SolutionGuid = {8B461F6D-A3C4-4686-81F7-6E3D663ACA30}
	EndGlobalSection
EndGlobal
